
Microsoft Visual Studio Solution File, Format Version 12.00
# Visual Studio Version 17
VisualStudioVersion = 17.5.002.0
MinimumVisualStudioVersion = 10.0.40219.1
Project("{9A19103F-16F7-4668-BE54-9A1E7A4F7556}") = "BookStoreAPI", "BookStoreAPI.csproj", "{98101D27-0557-48D0-8FA6-BE9DC17DB158}"
EndProject
Global
	GlobalSection(SolutionConfigurationPlatforms) = preSolution
		Debug|Any CPU = Debug|Any CPU
		Release|Any CPU = Release|Any CPU
	EndGlobalSection
	GlobalSection(ProjectConfigurationPlatforms) = postSolution
		{98101D27-0557-48D0-8FA6-BE9DC17DB158}.Debug|Any CPU.ActiveCfg = Debug|Any CPU
		{98101D27-0557-48D0-8FA6-BE9DC17DB158}.Debug|Any CPU.Build.0 = Debug|Any CPU
		{98101D27-0557-48D0-8FA6-BE9DC17DB158}.Release|Any CPU.ActiveCfg = Release|Any CPU
		{98101D27-0557-48D0-8FA6-BE9DC17DB158}.Release|Any CPU.Build.0 = Release|Any CPU
	EndGlobalSection
	GlobalSection(SolutionProperties) = preSolution
		HideSolutionNode = FALSE
	EndGlobalSection
	GlobalSection(ExtensibilityGlobals) = postSolution
		SolutionGuid = {1AD1D20F-2092-42AE-82BB-E27E23B2C97B}
	EndGlobalSection
EndGlobal
